{"SurveyEntry":{"SurveyID":"SV_2n0EVkfCCxNeRFj","SurveyName":"Demographics","SurveyDescription":null,"SurveyOwnerID":"UR_3gbTWO0ksbBySKV","SurveyBrandID":"uwaterloo","DivisionID":null,"SurveyLanguage":"EN","SurveyActiveResponseSet":"RS_1MiJR7yZNbfFSoB","SurveyStatus":"Inactive","SurveyStartDate":"0000-00-00 00:00:00","SurveyExpirationDate":"0000-00-00 00:00:00","SurveyCreationDate":"2019-10-25 14:35:28","CreatorID":"UR_3gbTWO0ksbBySKV","LastModified":"2019-10-25 14:41:27","LastAccessed":"0000-00-00 00:00:00","LastActivated":"0000-00-00 00:00:00","Deleted":null},"SurveyElements":[{"SurveyID":"SV_2n0EVkfCCxNeRFj","Element":"BL","PrimaryAttribute":"Survey Blocks","SecondaryAttribute":null,"TertiaryAttribute":null,"Payload":[{"Type":"Default","Description":"Demographics","ID":"BL_7NHh52udZhRfDrT","BlockElements":[{"Type":"Question","QuestionID":"QID24"},{"Type":"Question","QuestionID":"QID8"},{"Type":"Question","QuestionID":"QID9"},{"Type":"Question","QuestionID":"QID2"},{"Type":"Question","QuestionID":"QID10"},{"Type":"Question","QuestionID":"QID11"},{"Type":"Question","QuestionID":"QID12"},{"Type":"Question","QuestionID":"QID13"},{"Type":"Question","QuestionID":"QID14"},{"Type":"Question","QuestionID":"QID20"},{"Type":"Question","QuestionID":"QID19"},{"Type":"Question","QuestionID":"QID21"},{"Type":"Question","QuestionID":"QID22"},{"Type":"Question","QuestionID":"QID23"}],"Options":{"BlockLocking":"false","RandomizeQuestions":"false","BlockVisibility":"Collapsed"}},{"Type":"Trash","Description":"Trash \/ Unused Questions","ID":"BL_6y67qoEI4tRtPpP","BlockElements":[{"Type":"Question","QuestionID":"QID81"},{"Type":"Question","QuestionID":"QID79"},{"Type":"Question","QuestionID":"QID80"},{"Type":"Question","QuestionID":"QID69"},{"Type":"Question","QuestionID":"QID70"},{"Type":"Question","QuestionID":"QID71"},{"Type":"Question","QuestionID":"QID72"},{"Type":"Question","QuestionID":"QID73"},{"Type":"Question","QuestionID":"QID74"},{"Type":"Question","QuestionID":"QID75"},{"Type":"Question","QuestionID":"QID76"},{"Type":"Question","QuestionID":"QID77"},{"Type":"Question","QuestionID":"QID78"},{"Type":"Question","QuestionID":"QID59"},{"Type":"Question","QuestionID":"QID60"},{"Type":"Question","QuestionID":"QID61"},{"Type":"Question","QuestionID":"QID62"},{"Type":"Question","QuestionID":"QID63"},{"Type":"Question","QuestionID":"QID64"},{"Type":"Question","QuestionID":"QID65"},{"Type":"Question","QuestionID":"QID66"},{"Type":"Question","QuestionID":"QID67"},{"Type":"Question","QuestionID":"QID68"}]}]},{"SurveyID":"SV_2n0EVkfCCxNeRFj","Element":"FL","PrimaryAttribute":"Survey Flow","SecondaryAttribute":null,"TertiaryAttribute":null,"Payload":{"Type":"Root","FlowID":"FL_1","Flow":[{"Type":"Block","ID":"BL_7NHh52udZhRfDrT","FlowID":"FL_2"}],"Properties":{"Count":6,"RemovedFieldsets":[]}}},{"SurveyID":"SV_2n0EVkfCCxNeRFj","Element":"SO","PrimaryAttribute":"Survey Options","SecondaryAttribute":null,"TertiaryAttribute":null,"Payload":{"BackButton":"false","SaveAndContinue":"true","SurveyProtection":"PublicSurvey","BallotBoxStuffingPrevention":"false","NoIndex":"Yes","SecureResponseFiles":"true","SurveyExpiration":"None","SurveyTermination":"DefaultMessage","Header":"","Footer":"","ProgressBarDisplay":"None","PartialData":"+1 week","ValidationMessage":"","PreviousButton":" \u2190 ","NextButton":" \u2192 ","SkinLibrary":"uwaterloo","SkinType":"MQ","Skin":"uwaterloo1","NewScoring":1,"SurveyName":"Demographics"}},{"SurveyID":"SV_2n0EVkfCCxNeRFj","Element":"SCO","PrimaryAttribute":"Scoring","SecondaryAttribute":null,"TertiaryAttribute":null,"Payload":{"ScoringCategories":[],"ScoringCategoryGroups":[],"ScoringSummaryCategory":null,"ScoringSummaryAfterQuestions":0,"ScoringSummaryAfterSurvey":0,"DefaultScoringCategory":null,"AutoScoringCategory":null}},{"SurveyID":"SV_2n0EVkfCCxNeRFj","Element":"PROJ","PrimaryAttribute":"CORE","SecondaryAttribute":null,"TertiaryAttribute":"1.1.0","Payload":{"ProjectCategory":"CORE","SchemaVersion":"1.1.0"}},{"SurveyID":"SV_2n0EVkfCCxNeRFj","Element":"STAT","PrimaryAttribute":"Survey Statistics","SecondaryAttribute":null,"TertiaryAttribute":null,"Payload":{"MobileCompatible":true,"ID":"Survey Statistics"}},{"SurveyID":"SV_2n0EVkfCCxNeRFj","Element":"QC","PrimaryAttribute":"Survey Question Count","SecondaryAttribute":"81","TertiaryAttribute":null,"Payload":null},{"SurveyID":"SV_2n0EVkfCCxNeRFj","Element":"SQ","PrimaryAttribute":"QID66","SecondaryAttribute":"As you were thinking about this situation, what thoughts and emotions came to your mind? Please d...","TertiaryAttribute":null,"Payload":{"QuestionText":"<p><span style=\"font-size:16px;\">As you were thinking about this situation, what thoughts and emotions came to your mind? Please describe them in the space provided.&nbsp;<\/span><span lang=\"EN-US\" style=\"font-family:&quot;TimesNewRomanPS&quot;,serif;mso-fareast-font-family:\n&quot;Times New Roman&quot;;mso-bidi-font-weight:bold\"><o:p><\/o:p><\/span><\/p>","DefaultChoices":false,"QuestionType":"TE","Selector":"ML","Configuration":{"QuestionDescriptionOption":"UseText"},"QuestionDescription":"As you were thinking about this situation, what thoughts and emotions came to your mind? Please d...","Validation":{"Settings":{"ForceResponse":"RequestResponse","ForceResponseType":"RequestResponse","Type":"None"}},"GradingData":[],"Language":[],"NextChoiceId":4,"NextAnswerId":1,"SearchSource":{"AllowFreeResponse":"false"},"QuestionText_Unsafe":"<p><span style=\"font-size:16px;\">As you were thinking about this situation, what thoughts and emotions came to your mind? Please describe them in the space provided.&nbsp;<\/span><span lang=\"EN-US\" style=\"font-family:&quot;TimesNewRomanPS&quot;,serif;mso-fareast-font-family:\n&quot;Times New Roman&quot;;mso-bidi-font-weight:bold\"><o:p><\/o:p><\/span><\/p>","DataExportTag":"Q66","QuestionID":"QID66"}},{"SurveyID":"SV_2n0EVkfCCxNeRFj","Element":"SQ","PrimaryAttribute":"QID76","SecondaryAttribute":"As you were thinking about this situation, what thoughts and emotions came to your mind? Please d...","TertiaryAttribute":null,"Payload":{"QuestionText":"<p><span style=\"font-size:16px;\">As you were thinking about this situation, what thoughts and emotions came to your mind? Please describe them in the space provided.&nbsp;<\/span><span lang=\"EN-US\" style=\"font-family:&quot;TimesNewRomanPS&quot;,serif;mso-fareast-font-family:\n&quot;Times New Roman&quot;;mso-bidi-font-weight:bold\"><o:p><\/o:p><\/span><\/p>","DefaultChoices":false,"DataExportTag":"Emotions","QuestionType":"TE","Selector":"ML","Configuration":{"QuestionDescriptionOption":"UseText"},"QuestionDescription":"As you were thinking about this situation, what thoughts and emotions came to your mind? Please d...","Validation":{"Settings":{"ForceResponse":"RequestResponse","ForceResponseType":"RequestResponse","Type":"None"}},"GradingData":[],"Language":[],"NextChoiceId":4,"NextAnswerId":1,"SearchSource":{"AllowFreeResponse":"false"},"QuestionText_Unsafe":"<p><span style=\"font-size:16px;\">As you were thinking about this situation, what thoughts and emotions came to your mind? Please describe them in the space provided.&nbsp;<\/span><span lang=\"EN-US\" style=\"font-family:&quot;TimesNewRomanPS&quot;,serif;mso-fareast-font-family:\n&quot;Times New Roman&quot;;mso-bidi-font-weight:bold\"><o:p><\/o:p><\/span><\/p>","QuestionID":"QID76"}},{"SurveyID":"SV_2n0EVkfCCxNeRFj","Element":"SQ","PrimaryAttribute":"QID19","SecondaryAttribute":"Country you live in now (please type)","TertiaryAttribute":null,"Payload":{"QuestionText":"Country you live in now (please type)","DefaultChoices":false,"DataExportTag":"Country of Residence","QuestionType":"TE","Selector":"SL","DataVisibility":{"Private":false,"Hidden":false},"Configuration":{"QuestionDescriptionOption":"UseText","InputWidth":283,"InputHeight":29},"QuestionDescription":"Country you live in now (please type)","Validation":{"Settings":{"ForceResponse":"RequestResponse","ForceResponseType":"RequestResponse","Type":"None"}},"GradingData":[],"Language":[],"NextChoiceId":1,"NextAnswerId":1,"SearchSource":{"AllowFreeResponse":"false"},"QuestionID":"QID19"}},{"SurveyID":"SV_2n0EVkfCCxNeRFj","Element":"RS","PrimaryAttribute":"RS_1MiJR7yZNbfFSoB","SecondaryAttribute":"Default Response Set","TertiaryAttribute":null,"Payload":null},{"SurveyID":"SV_2n0EVkfCCxNeRFj","Element":"SQ","PrimaryAttribute":"QID23","SecondaryAttribute":"Do you have any comments on what it was like for you to complete this study (e.g., were any parts...","TertiaryAttribute":null,"Payload":{"QuestionText":"Do you have any comments on what it was like for you to complete this study (e.g., were any parts particularly confusing, interesting, boring, or awkward)? Were there any parts you think you may have completed improperly?","DefaultChoices":false,"DataExportTag":"Comments","QuestionType":"TE","Selector":"ESTB","DataVisibility":{"Private":false,"Hidden":false},"Configuration":{"QuestionDescriptionOption":"UseText","InputWidth":630,"InputHeight":40},"QuestionDescription":"Do you have any comments on what it was like for you to complete this study (e.g., were any parts...","Validation":{"Settings":{"ForceResponse":"RequestResponse","ForceResponseType":"RequestResponse","Type":"None"}},"GradingData":[],"Language":[],"NextChoiceId":1,"NextAnswerId":1,"SearchSource":{"AllowFreeResponse":"false"},"QuestionID":"QID23"}},{"SurveyID":"SV_2n0EVkfCCxNeRFj","Element":"SQ","PrimaryAttribute":"QID20","SecondaryAttribute":"How would you characterize your political beliefs?","TertiaryAttribute":null,"Payload":{"QuestionText":"How would you characterize your political beliefs?","DefaultChoices":false,"DataExportTag":"Political Beliefs","QuestionType":"Matrix","Selector":"Likert","SubSelector":"SingleAnswer","DataVisibility":{"Private":false,"Hidden":false},"Configuration":{"QuestionDescriptionOption":"UseText","TextPosition":"inline","ChoiceColumnWidth":25,"RepeatHeaders":"none","WhiteSpace":"OFF","MobileFirst":false},"QuestionDescription":"How would you characterize your political beliefs?","Choices":{"1":{"Display":"Political Beliefs"}},"ChoiceOrder":["1"],"Validation":{"Settings":{"ForceResponse":"RequestResponse","ForceResponseType":"RequestResponse","Type":"None"}},"RecodeValues":{"1":"1","2":"2","3":"3","4":"4","5":"5","6":"6","7":"7"},"VariableNaming":{"1":"1","2":"2","3":"3","4":"4","5":"5","6":"6","7":"7"},"GradingData":[],"Language":[],"NextChoiceId":2,"NextAnswerId":8,"ColumnLabels":[{"Display":"Progressive","IsLabelDefault":false},{"Display":"Neutral","IsLabelDefault":false},{"Display":"Conservative","IsLabelDefault":false}],"Answers":{"1":{"Display":"1"},"2":{"Display":"2"},"3":{"Display":"3"},"4":{"Display":"4"},"5":{"Display":"5"},"6":{"Display":"6"},"7":{"Display":"7"}},"AnswerOrder":["1","2","3","4","5","6","7"],"ChoiceDataExportTags":{"1":"Politics_1"},"QuestionID":"QID20"}},{"SurveyID":"SV_2n0EVkfCCxNeRFj","Element":"SQ","PrimaryAttribute":"QID14","SecondaryAttribute":"If you selected other for religious group, please specify. ","TertiaryAttribute":null,"Payload":{"QuestionText":"If you selected other for religious group, please specify.&nbsp;","DefaultChoices":false,"DataExportTag":"Religion_Other","QuestionType":"TE","Selector":"SL","DataVisibility":{"Private":false,"Hidden":false},"Configuration":{"QuestionDescriptionOption":"UseText","InputWidth":371,"InputHeight":29},"QuestionDescription":"If you selected other for religious group, please specify. ","Validation":{"Settings":{"ForceResponse":"OFF","ForceResponseType":"ON","Type":"None"}},"GradingData":[],"Language":[],"NextChoiceId":4,"NextAnswerId":1,"SearchSource":{"AllowFreeResponse":"false"},"QuestionID":"QID14"}},{"SurveyID":"SV_2n0EVkfCCxNeRFj","Element":"SQ","PrimaryAttribute":"QID59","SecondaryAttribute":"Please think about the most recent difficult situation that has happened to you with one of your...","TertiaryAttribute":null,"Payload":{"QuestionText":"<p><span style=\"font-size:16px;\">Please think about the most recent difficult situation that has happened to you with one of your friends (e.g., a disagreement, conflict). This should be a situation that you yourself were involved in, whether or not you were the person who initiated the situation.<\/span><span style=\"font-family:&quot;TimesNewRomanPS&quot;,serif\"><o:p><\/o:p><\/span><\/p>\n\n<p>&nbsp;<\/p>\n\n<p><span style=\"font-size:16px;\">We would like you to take a moment to recall this situation and visualize the events in your mind&rsquo;s eye; consider who was involved and what happened, what you thought and how you felt.&nbsp;<\/span><span style=\"font-family:&quot;TimesNewRomanPS&quot;,serif\"><o:p><\/o:p><\/span><\/p>","DefaultChoices":false,"QuestionType":"DB","Selector":"TB","Configuration":{"QuestionDescriptionOption":"UseText"},"QuestionDescription":"Please think about the most recent difficult situation that has happened to you with one of your...","ChoiceOrder":[],"Validation":{"Settings":{"Type":"None"}},"GradingData":[],"Language":[],"NextChoiceId":11,"NextAnswerId":1,"QuestionText_Unsafe":"<p><span style=\"font-size:16px;\">Please think about the most recent difficult situation that has happened to you with one of your friends (e.g., a disagreement, conflict). This should be a situation that you yourself were involved in, whether or not you were the person who initiated the situation.<\/span><span style=\"font-family:&quot;TimesNewRomanPS&quot;,serif\"><o:p><\/o:p><\/span><\/p>\n\n<p>&nbsp;<\/p>\n\n<p><span style=\"font-size:16px;\">We would like you to take a moment to recall this situation and visualize the events in your mind&rsquo;s eye; consider who was involved and what happened, what you thought and how you felt.&nbsp;<\/span><span style=\"font-family:&quot;TimesNewRomanPS&quot;,serif\"><o:p><\/o:p><\/span><\/p>","DataExportTag":"Q59","QuestionID":"QID59"}},{"SurveyID":"SV_2n0EVkfCCxNeRFj","Element":"SQ","PrimaryAttribute":"QID69","SecondaryAttribute":"Please think about the most recent difficult situation that has happened to you with one of your...","TertiaryAttribute":null,"Payload":{"QuestionText":"<p><span style=\"font-size:16px;\">Please think about the most recent difficult situation that has happened to you with one of your friends (e.g., a disagreement, conflict). This should be a situation that you yourself were involved in, whether or not you were the person who initiated the situation.<\/span><span style=\"font-family:&quot;TimesNewRomanPS&quot;,serif\"><o:p><\/o:p><\/span><\/p>\n\n<p>&nbsp;<\/p>\n\n<p><span style=\"font-size:16px;\">We would like you to take a moment to recall this situation and visualize the events in your mind&rsquo;s eye; consider who was involved and what happened, what you thought and how you felt.&nbsp;<\/span><span style=\"font-family:&quot;TimesNewRomanPS&quot;,serif\"><o:p><\/o:p><\/span><\/p>","DefaultChoices":false,"DataExportTag":"Instructions","QuestionType":"DB","Selector":"TB","Configuration":{"QuestionDescriptionOption":"UseText"},"QuestionDescription":"Please think about the most recent difficult situation that has happened to you with one of your...","ChoiceOrder":[],"Validation":{"Settings":{"Type":"None"}},"GradingData":[],"Language":[],"NextChoiceId":11,"NextAnswerId":1,"QuestionText_Unsafe":"<p><span style=\"font-size:16px;\">Please think about the most recent difficult situation that has happened to you with one of your friends (e.g., a disagreement, conflict). This should be a situation that you yourself were involved in, whether or not you were the person who initiated the situation.<\/span><span style=\"font-family:&quot;TimesNewRomanPS&quot;,serif\"><o:p><\/o:p><\/span><\/p>\n\n<p>&nbsp;<\/p>\n\n<p><span style=\"font-size:16px;\">We would like you to take a moment to recall this situation and visualize the events in your mind&rsquo;s eye; consider who was involved and what happened, what you thought and how you felt.&nbsp;<\/span><span style=\"font-family:&quot;TimesNewRomanPS&quot;,serif\"><o:p><\/o:p><\/span><\/p>","QuestionID":"QID69"}},{"SurveyID":"SV_2n0EVkfCCxNeRFj","Element":"SQ","PrimaryAttribute":"QID81","SecondaryAttribute":"Rate the statements below for how accurately they reflect the way you generally feel and behave....","TertiaryAttribute":null,"Payload":{"QuestionText":"<span style=\"font-size:16px;\">Rate the statements below for <strong>how accurately they reflect the way you generally feel and behave. <\/strong><u>Do not rate what you think you should do, or wish you do, or things you no longer do. <\/u>Please be as honest as possible.&nbsp;<\/span>","DefaultChoices":false,"DataExportTag":"CEI-II","QuestionType":"Matrix","Selector":"Likert","SubSelector":"SingleAnswer","DataVisibility":{"Private":false,"Hidden":false},"Configuration":{"QuestionDescriptionOption":"UseText","TextPosition":"inline","ChoiceColumnWidth":25,"RepeatHeaders":"middle","WhiteSpace":"OFF","MobileFirst":true},"QuestionDescription":"Rate the statements below for how accurately they reflect the way you generally feel and behave....","Choices":{"1":{"Display":"I actively seek as much information as I can in new situations."},"2":{"Display":"I am the type of person who really enjoys the uncertainty of everyday life."},"3":{"Display":"I am at my best when doing something that is complex or challenging."},"4":{"Display":"Everywhere I go, I am out looking for new things or experiences."},"5":{"Display":"I view challenging situations as an opportunity to grow and learn."},"6":{"Display":"I like to do things that are a little frightening."},"7":{"Display":"I am always looking for experiences that challenge how I think about myself and the world."},"8":{"Display":"I prefer jobs that are excitingly unpredictable."},"9":{"Display":"I frequently seek out opportunities to challenge myself and grow as a person."},"10":{"Display":"I am the kind of person who embraces unfamiliar people, events, and places."}},"ChoiceOrder":[1,2,3,4,5,6,7,8,9,10],"Validation":{"Settings":{"ForceResponse":"OFF","ForceResponseType":"ON","Type":"None"}},"GradingData":[],"Language":[],"NextChoiceId":11,"NextAnswerId":6,"Answers":{"1":{"Display":"Not at all"},"2":{"Display":"A little"},"3":{"Display":"Moderately"},"4":{"Display":"Quite a bit"},"5":{"Display":"Extremely"}},"AnswerOrder":[1,2,3,4,5],"ChoiceDataExportTags":{"1":"CEI-II_1","2":"CEI-II_2","3":"CEI-II_3","4":"CEI-II_4","5":"CEI-II_5","6":"CEI-II_6","7":"CEI-II_7","8":"CEI-II_8","9":"CEI-II_9","10":"CEI-II_10"},"QuestionID":"QID81"}},{"SurveyID":"SV_2n0EVkfCCxNeRFj","Element":"SQ","PrimaryAttribute":"QID21","SecondaryAttribute":"Residential Area","TertiaryAttribute":null,"Payload":{"QuestionText":"<p>Residential Area<\/p>","DefaultChoices":false,"DataExportTag":"Residential Area","QuestionType":"MC","Selector":"SAVR","DataVisibility":{"Private":false,"Hidden":false},"Configuration":{"QuestionDescriptionOption":"UseText"},"QuestionDescription":"Residential Area","Choices":{"1":{"Display":"Urban"},"2":{"Display":"Suburban"},"3":{"Display":"Rural"}},"ChoiceOrder":[1,2,3],"Validation":{"Settings":{"ForceResponse":"OFF","ForceResponseType":"ON","Type":"None"}},"RecodeValues":{"1":"1","2":"2","3":"3"},"GradingData":[],"Language":[],"NextChoiceId":4,"NextAnswerId":1,"QuestionID":"QID21","SubSelector":"TX"}},{"SurveyID":"SV_2n0EVkfCCxNeRFj","Element":"SQ","PrimaryAttribute":"QID24","SecondaryAttribute":"These demographics questions will be used to generally describe the study sample and make compari...","TertiaryAttribute":null,"Payload":{"QuestionText":"These demographics questions will be used to generally describe the study sample and make comparisons between groups, not to identify participants in any way. We would like to stress that the information collected is confidential, and you may decline to respond to any question by leaving it blank.","DefaultChoices":false,"DataExportTag":"Instructions","QuestionType":"DB","Selector":"TB","Configuration":{"QuestionDescriptionOption":"UseText"},"QuestionDescription":"These demographics questions will be used to generally describe the study sample and make compari...","ChoiceOrder":[],"Validation":{"Settings":{"Type":"None"}},"GradingData":[],"Language":[],"NextChoiceId":11,"NextAnswerId":1,"QuestionID":"QID24"}},{"SurveyID":"SV_2n0EVkfCCxNeRFj","Element":"SQ","PrimaryAttribute":"QID79","SecondaryAttribute":"This questionnaire lists a series of statements about various topics. Read each statement and dec...","TertiaryAttribute":null,"Payload":{"QuestionText":"<p><span style=\"font-size:16px;\">This questionnaire lists a series of statements about various topics.<br \/>\nRead each statement and decide whether you agree or disagree with each statement. There are no right or wrong answers so do not spend too much time deciding on an answer. The first thing that comes to mind is probably the best response. There is no time limit, but please work as quickly as possible.&nbsp;<\/span><\/p>","DefaultChoices":false,"DataExportTag":"AOMT 1","QuestionType":"Matrix","Selector":"Likert","SubSelector":"SingleAnswer","DataVisibility":{"Private":false,"Hidden":false},"Configuration":{"QuestionDescriptionOption":"UseText","TextPosition":"inline","ChoiceColumnWidth":25,"RepeatHeaders":"middle","WhiteSpace":"OFF","MobileFirst":true},"QuestionDescription":"This questionnaire lists a series of statements about various topics. Read each statement and dec...","Choices":{"1":{"Display":"Allowing oneself to be convinced by an opposing argument is a sign of good character."},"2":{"Display":"People should take into consideration evidence that goes against their beliefs."},"3":{"Display":"People should revise their beliefs in response to new information or evidence."},"4":{"Display":"Changing your mind is a sign of weakness."},"5":{"Display":"Intuition is the best guide in making decisions."},"6":{"Display":"It is important to persevere in your beliefs even when evidence is brought to bear against them."},"7":{"Display":"One should disregard evidence that conflicts with one's established beliefs."}},"ChoiceOrder":[1,2,3,4,5,6,7],"Randomization":{"Advanced":null,"Type":"SubSet","TotalRandSubset":"5"},"Validation":{"Settings":{"ForceResponse":"RequestResponse","ForceResponseType":"RequestResponse","Type":"None"}},"RecodeValues":{"1":1,"2":2,"3":3,"4":4,"5":5,"6":6},"GradingData":[],"Language":[],"NextChoiceId":8,"NextAnswerId":7,"Answers":{"1":{"Display":"Strongly Disagree"},"2":{"Display":"Moderately Disagree"},"3":{"Display":"Slightly Disagree"},"4":{"Display":"Slightly Agree"},"5":{"Display":"Moderately Agree"},"6":{"Display":"Strongly Agree"}},"AnswerOrder":[1,2,3,4,5,6],"ChoiceDataExportTags":{"1":"AOMT_1","2":"AOMT_2","3":"AOMT_3","4":"AOMT_4","5":"AOMT_5","6":"AOMT_6","7":"AOMT_7"},"QuestionID":"QID79"}},{"SurveyID":"SV_2n0EVkfCCxNeRFj","Element":"SQ","PrimaryAttribute":"QID80","SecondaryAttribute":"This questionnaire lists a series of statements about various topics. Read each statement and dec...","TertiaryAttribute":null,"Payload":{"QuestionText":"<span style=\"font-size:16px;\">This questionnaire lists a series of statements about various topics.<br \/>\nRead each statement and decide whether you agree or disagree with each statement. There are no right or wrong answers so do not spend too much time deciding on an answer. The first thing that comes to mind is probably the best response. There is no time limit, but please work as quickly as possible.&nbsp;<\/span>","DefaultChoices":false,"DataExportTag":"AOMT 2","QuestionType":"Matrix","Selector":"Likert","SubSelector":"SingleAnswer","DataVisibility":{"Private":false,"Hidden":false},"Configuration":{"QuestionDescriptionOption":"UseText","TextPosition":"inline","ChoiceColumnWidth":25,"RepeatHeaders":"middle","WhiteSpace":"OFF","MobileFirst":true},"QuestionDescription":"This questionnaire lists a series of statements about various topics. Read each statement and dec...","Choices":{"1":{"Display":"People should search actively for reasons why their beliefs might be wrong."},"2":{"Display":"It is more useful to pay attention to those who disagree with us than to pay attention to those who agree."},"3":{"Display":"Good thinkers look hardest for reasons to support their beliefs, not to challenge them."},"4":{"Display":"I can recite the arguments for both sides of issues I care about."},"5":{"Display":"I find myself thinking about arguments against things I care about."},"6":{"Display":"I care more about reaching the right answer eventually than being able to say \"I told you so\"."},"7":{"Display":"The information I find tends to support my initial hunches ."}},"ChoiceOrder":["1","2","3","4","5","6","7"],"Randomization":{"Advanced":null,"Type":"SubSet","TotalRandSubset":"6"},"Validation":{"Settings":{"ForceResponse":"RequestResponse","ForceResponseType":"RequestResponse","Type":"None"}},"GradingData":[],"Language":[],"NextChoiceId":8,"NextAnswerId":7,"Answers":{"1":{"Display":"Strongly disagree"},"2":{"Display":"Moderately disagree"},"3":{"Display":"Slightly disagree"},"4":{"Display":"Slightly agree"},"5":{"Display":"Moderately agree"},"6":{"Display":"Strongly agree"}},"AnswerOrder":["1","2","3","4","5","6"],"ChoiceDataExportTags":{"1":"AOMT_8","2":"AOMT_9","3":"AOMT_10","4":"AOMT_11","5":"AOMT_12","6":"AOMT_13","7":"AOMT_14"},"QuestionID":"QID80"}},{"SurveyID":"SV_2n0EVkfCCxNeRFj","Element":"SQ","PrimaryAttribute":"QID22","SecondaryAttribute":"Total annual household income","TertiaryAttribute":null,"Payload":{"QuestionText":"Total annual household income","DefaultChoices":false,"DataExportTag":"Income","QuestionType":"MC","Selector":"SAVR","DataVisibility":{"Private":false,"Hidden":false},"Configuration":{"QuestionDescriptionOption":"UseText"},"QuestionDescription":"Total annual household income","Choices":{"1":{"Display":"Under $15,000"},"2":{"Display":"$15,001 - $25,000"},"3":{"Display":"$25,001 - $35,000"},"4":{"Display":"$35,001 - $50,000"},"5":{"Display":"$50,001 - $75,000"},"6":{"Display":"$75,001 - $100,000"},"7":{"Display":"$100,001 - $150,000"},"8":{"Display":"Over $150,000"}},"ChoiceOrder":[1,2,3,4,5,6,7,8],"Validation":{"Settings":{"ForceResponse":"RequestResponse","ForceResponseType":"RequestResponse","Type":"None"}},"RecodeValues":{"1":"1","2":"2","3":"3","4":"4","5":"5","6":"6","7":"7","8":"8"},"GradingData":[],"Language":[],"NextChoiceId":9,"NextAnswerId":1,"QuestionID":"QID22","SubSelector":"TX"}},{"SurveyID":"SV_2n0EVkfCCxNeRFj","Element":"SQ","PrimaryAttribute":"QID67","SecondaryAttribute":"We would like you to continue to think about the situation you called to mind in the previous sec...","TertiaryAttribute":null,"Payload":{"QuestionText":"<span style=\"line-height: 107%;\"><span style=\"font-size: 16px;\">We would like you to continue to think about the situation you called to mind in the previous section and recall&nbsp;<\/span><em style=\"font-size: 16px;\"><u>what you actually did as the situation unfolded<\/u><\/em><span style=\"font-size: 16px;\">. None of the statements listed below are supposed to be \"good\" or \"bad\". We are simply interested in how people approach difficult situations. Therefore, it is very important to us that you answer as accurately as possible - your honesty is appreciated. Please select the extent to which you engaged in the following thoughts and behaviours:<\/span><\/span>","DefaultChoices":false,"QuestionType":"DB","Selector":"TB","Configuration":{"QuestionDescriptionOption":"UseText"},"QuestionDescription":"We would like you to continue to think about the situation you called to mind in the previous sec...","ChoiceOrder":[],"Validation":{"Settings":{"Type":"None"}},"GradingData":[],"Language":[],"NextChoiceId":4,"NextAnswerId":1,"QuestionText_Unsafe":"<span style=\"line-height: 107%;\"><span style=\"font-size: 16px;\">We would like you to continue to think about the situation you called to mind in the previous section and recall&nbsp;<\/span><em style=\"font-size: 16px;\"><u>what you actually did as the situation unfolded<\/u><\/em><span style=\"font-size: 16px;\">. None of the statements listed below are supposed to be \"good\" or \"bad\". We are simply interested in how people approach difficult situations. Therefore, it is very important to us that you answer as accurately as possible - your honesty is appreciated. Please select the extent to which you engaged in the following thoughts and behaviours:<\/span><\/span>","DataExportTag":"Q67","QuestionID":"QID67"}},{"SurveyID":"SV_2n0EVkfCCxNeRFj","Element":"SQ","PrimaryAttribute":"QID77","SecondaryAttribute":"We would like you to continue to think about the situation you called to mind in the previous sec...","TertiaryAttribute":null,"Payload":{"QuestionText":"<span style=\"line-height: 107%;\"><span style=\"font-size: 16px;\">We would like you to continue to think about the situation you called to mind in the previous section and recall&nbsp;<\/span><em style=\"font-size: 16px;\"><u>what you actually did as the situation unfolded<\/u><\/em><span style=\"font-size: 16px;\">. None of the statements listed below are supposed to be \"good\" or \"bad\". We are simply interested in how people approach difficult situations. Therefore, it is very important to us that you answer as accurately as possible - your honesty is appreciated. Please select the extent to which you engaged in the following thoughts and behaviours:<\/span><\/span>","DefaultChoices":false,"DataExportTag":"Instructions 2","QuestionType":"DB","Selector":"TB","Configuration":{"QuestionDescriptionOption":"UseText"},"QuestionDescription":"We would like you to continue to think about the situation you called to mind in the previous sec...","ChoiceOrder":[],"Validation":{"Settings":{"Type":"None"}},"GradingData":[],"Language":[],"NextChoiceId":4,"NextAnswerId":1,"QuestionText_Unsafe":"<span style=\"line-height: 107%;\"><span style=\"font-size: 16px;\">We would like you to continue to think about the situation you called to mind in the previous section and recall&nbsp;<\/span><em style=\"font-size: 16px;\"><u>what you actually did as the situation unfolded<\/u><\/em><span style=\"font-size: 16px;\">. None of the statements listed below are supposed to be \"good\" or \"bad\". We are simply interested in how people approach difficult situations. Therefore, it is very important to us that you answer as accurately as possible - your honesty is appreciated. Please select the extent to which you engaged in the following thoughts and behaviours:<\/span><\/span>","QuestionID":"QID77"}},{"SurveyID":"SV_2n0EVkfCCxNeRFj","Element":"SQ","PrimaryAttribute":"QID61","SecondaryAttribute":"What day of the week was it?","TertiaryAttribute":null,"Payload":{"QuestionText":"<span style=\"font-size:16px;\">What day of the week was it?<\/span>","QuestionType":"MC","Selector":"SAVR","SubSelector":"TX","Configuration":{"QuestionDescriptionOption":"UseText"},"QuestionDescription":"What day of the week was it?","Choices":{"1":{"Display":"Monday"},"2":{"Display":"Tuesday"},"3":{"Display":"Wednesday"},"4":{"Display":"Thursday"},"5":{"Display":"Friday"},"6":{"Display":"Saturday"},"7":{"Display":"Sunday"},"8":{"Display":"Don't remember"}},"ChoiceOrder":[1,2,3,4,5,6,7,8],"Validation":{"Settings":{"ForceResponse":"RequestResponse","ForceResponseType":"RequestResponse","Type":"None"}},"Language":[],"NextChoiceId":9,"NextAnswerId":1,"QuestionText_Unsafe":"<span style=\"font-size:16px;\">What day of the week was it?<\/span>","DataExportTag":"Q61","QuestionID":"QID61"}},{"SurveyID":"SV_2n0EVkfCCxNeRFj","Element":"SQ","PrimaryAttribute":"QID71","SecondaryAttribute":"What day of the week was it?","TertiaryAttribute":null,"Payload":{"QuestionText":"<span style=\"font-size:16px;\">What day of the week was it?<\/span>","DataExportTag":"Day","QuestionType":"MC","Selector":"SAVR","SubSelector":"TX","Configuration":{"QuestionDescriptionOption":"UseText"},"QuestionDescription":"What day of the week was it?","Choices":{"1":{"Display":"Monday"},"2":{"Display":"Tuesday"},"3":{"Display":"Wednesday"},"4":{"Display":"Thursday"},"5":{"Display":"Friday"},"6":{"Display":"Saturday"},"7":{"Display":"Sunday"},"8":{"Display":"Don't remember"}},"ChoiceOrder":[1,2,3,4,5,6,7,8],"Validation":{"Settings":{"ForceResponse":"RequestResponse","ForceResponseType":"RequestResponse","Type":"None"}},"Language":[],"NextChoiceId":9,"NextAnswerId":1,"QuestionText_Unsafe":"<span style=\"font-size:16px;\">What day of the week was it?<\/span>","QuestionID":"QID71"}},{"SurveyID":"SV_2n0EVkfCCxNeRFj","Element":"SQ","PrimaryAttribute":"QID8","SecondaryAttribute":"What is your age (type in a number)?","TertiaryAttribute":null,"Payload":{"QuestionText":"What is your age (type in a number)?","DefaultChoices":false,"DataExportTag":"Age","QuestionID":"QID8","QuestionType":"TE","Selector":"SL","DataVisibility":{"Private":false,"Hidden":false},"Configuration":{"QuestionDescriptionOption":"UseText"},"QuestionDescription":"What is your age (type in a number)?","Validation":{"Settings":{"ForceResponse":"OFF","ForceResponseType":"ON","Type":"ContentType","ContentType":"ValidNumber","ValidDateType":"DateWithFormat","ValidPhoneType":"ValidUSPhone","ValidZipType":"ValidUSZip","ValidNumber":{"Min":"15","Max":"100"}}},"GradingData":[],"Language":[],"NextChoiceId":10,"NextAnswerId":1,"SearchSource":{"AllowFreeResponse":"false"}}},{"SurveyID":"SV_2n0EVkfCCxNeRFj","Element":"SQ","PrimaryAttribute":"QID12","SecondaryAttribute":"What is your ethnicity?","TertiaryAttribute":null,"Payload":{"QuestionText":"What is your ethnicity?","DataExportTag":"Ethnicity","QuestionType":"MC","Selector":"SAVR","SubSelector":"TX","DataVisibility":{"Private":false,"Hidden":false},"Configuration":{"QuestionDescriptionOption":"UseText"},"QuestionDescription":"What is your ethnicity?","Choices":{"1":{"Display":"Aboriginal\/Native"},"2":{"Display":"Asian"},"3":{"Display":"Black"},"4":{"Display":"White"},"5":{"Display":"Middle Eastern"},"6":{"Display":"Hispanic"},"7":{"Display":"East Indian"},"8":{"Display":"Mixed Race"},"9":{"Display":"Other\/Not Listed"}},"ChoiceOrder":["1","2","3","4","5","6","7","8","9"],"Validation":{"Settings":{"ForceResponse":"RequestResponse","ForceResponseType":"RequestResponse","Type":"None"}},"Language":[],"NextChoiceId":10,"NextAnswerId":1,"QuestionID":"QID12"}},{"SurveyID":"SV_2n0EVkfCCxNeRFj","Element":"SQ","PrimaryAttribute":"QID10","SecondaryAttribute":"What is your level of education?","TertiaryAttribute":null,"Payload":{"QuestionText":"What is your level of education?","DataExportTag":"Education","QuestionType":"MC","Selector":"SAVR","SubSelector":"TX","DataVisibility":{"Private":false,"Hidden":false},"Configuration":{"QuestionDescriptionOption":"UseText"},"QuestionDescription":"What is your level of education?","Choices":{"1":{"Display":"Less than high school"},"2":{"Display":"High school graduate"},"3":{"Display":"Some college"},"4":{"Display":"Vocational or Technical Degree"},"5":{"Display":"Bachelor's Degree"},"6":{"Display":"Master's Degree"},"7":{"Display":"Doctorate"},"8":{"Display":"Professional Degree (MD, JD, etc.)"}},"ChoiceOrder":[1,2,3,4,5,6,7,8],"Validation":{"Settings":{"ForceResponse":"RequestResponse","ForceResponseType":"RequestResponse","Type":"None"}},"Language":[],"NextChoiceId":9,"NextAnswerId":1,"QuestionID":"QID10"}},{"SurveyID":"SV_2n0EVkfCCxNeRFj","Element":"SQ","PrimaryAttribute":"QID11","SecondaryAttribute":"What is your occupation? ","TertiaryAttribute":null,"Payload":{"QuestionText":"What is your occupation?&nbsp;","DefaultChoices":false,"DataExportTag":"Occupation","QuestionType":"TE","Selector":"SL","DataVisibility":{"Private":false,"Hidden":false},"Configuration":{"QuestionDescriptionOption":"UseText","InputWidth":251,"InputHeight":29},"QuestionDescription":"What is your occupation? ","Validation":{"Settings":{"ForceResponse":"RequestResponse","ForceResponseType":"RequestResponse","Type":"None"}},"GradingData":[],"Language":[],"NextChoiceId":4,"NextAnswerId":1,"SearchSource":{"AllowFreeResponse":"false"},"QuestionID":"QID11"}},{"SurveyID":"SV_2n0EVkfCCxNeRFj","Element":"SQ","PrimaryAttribute":"QID13","SecondaryAttribute":"What is your religious group, if any?","TertiaryAttribute":null,"Payload":{"QuestionText":"What is your religious group, if any?","DataExportTag":"Religion","QuestionType":"MC","Selector":"SAVR","SubSelector":"TX","DataVisibility":{"Private":false,"Hidden":false},"Configuration":{"QuestionDescriptionOption":"UseText"},"QuestionDescription":"What is your religious group, if any?","Choices":{"1":{"Display":"Buddhist"},"2":{"Display":"Christian - Catholic"},"3":{"Display":"Christian - Protestant"},"4":{"Display":"Christian - Other"},"5":{"Display":"Hindu"},"6":{"Display":"Jewish"},"7":{"Display":"Muslim"},"8":{"Display":"Sikh"},"9":{"Display":"Other"},"10":{"Display":"Non-Religious"}},"ChoiceOrder":["1","2","3","4","5","6","7","8","9","10"],"Validation":{"Settings":{"ForceResponse":"RequestResponse","ForceResponseType":"RequestResponse","Type":"None"}},"Language":[],"NextChoiceId":11,"NextAnswerId":1,"QuestionID":"QID13"}},{"SurveyID":"SV_2n0EVkfCCxNeRFj","Element":"SQ","PrimaryAttribute":"QID9","SecondaryAttribute":"What is your sex?","TertiaryAttribute":null,"Payload":{"QuestionText":"What is your sex?","DataExportTag":"Sex","QuestionType":"MC","Selector":"SAVR","SubSelector":"TX","DataVisibility":{"Private":false,"Hidden":false},"Configuration":{"QuestionDescriptionOption":"UseText"},"QuestionDescription":"What is your sex?","Choices":{"1":{"Display":"Male"},"2":{"Display":"Female"},"3":{"Display":"Prefer not to say"}},"ChoiceOrder":[1,2,3],"Validation":{"Settings":{"ForceResponse":"RequestResponse","ForceResponseType":"RequestResponse","Type":"None"}},"Language":[],"NextChoiceId":4,"NextAnswerId":1,"QuestionID":"QID9"}},{"SurveyID":"SV_2n0EVkfCCxNeRFj","Element":"SQ","PrimaryAttribute":"QID62","SecondaryAttribute":"What time of day was it?","TertiaryAttribute":null,"Payload":{"QuestionText":"<span style=\"font-size:16px;\">What time of day was it?<\/span>","QuestionType":"MC","Selector":"SAVR","SubSelector":"TX","Configuration":{"QuestionDescriptionOption":"UseText"},"QuestionDescription":"What time of day was it?","Choices":{"1":{"Display":"Morning"},"2":{"Display":"Afternoon"},"3":{"Display":"Evening"},"4":{"Display":"Don't remember"}},"ChoiceOrder":[1,2,3,4],"Validation":{"Settings":{"ForceResponse":"RequestResponse","ForceResponseType":"RequestResponse","Type":"None"}},"Language":[],"NextChoiceId":5,"NextAnswerId":1,"QuestionText_Unsafe":"<span style=\"font-size:16px;\">What time of day was it?<\/span>","DataExportTag":"Q62","QuestionID":"QID62"}},{"SurveyID":"SV_2n0EVkfCCxNeRFj","Element":"SQ","PrimaryAttribute":"QID72","SecondaryAttribute":"What time of day was it?","TertiaryAttribute":null,"Payload":{"QuestionText":"<span style=\"font-size:16px;\">What time of day was it?<\/span>","DataExportTag":"Time","QuestionType":"MC","Selector":"SAVR","SubSelector":"TX","Configuration":{"QuestionDescriptionOption":"UseText"},"QuestionDescription":"What time of day was it?","Choices":{"1":{"Display":"Morning"},"2":{"Display":"Afternoon"},"3":{"Display":"Evening"},"4":{"Display":"Don't remember"}},"ChoiceOrder":[1,2,3,4],"Validation":{"Settings":{"ForceResponse":"RequestResponse","ForceResponseType":"RequestResponse","Type":"None"}},"Language":[],"NextChoiceId":5,"NextAnswerId":1,"QuestionText_Unsafe":"<span style=\"font-size:16px;\">What time of day was it?<\/span>","QuestionID":"QID72"}},{"SurveyID":"SV_2n0EVkfCCxNeRFj","Element":"SQ","PrimaryAttribute":"QID65","SecondaryAttribute":"What was the gender of the other person?","TertiaryAttribute":null,"Payload":{"QuestionText":"<span style=\"font-size:16px;\">What was the gender of the other person?<\/span>","QuestionType":"MC","Selector":"SAVR","SubSelector":"TX","Configuration":{"QuestionDescriptionOption":"UseText"},"QuestionDescription":"What was the gender of the other person?","Choices":{"1":{"Display":"Female"},"2":{"Display":"Male"}},"ChoiceOrder":[1,2],"Validation":{"Settings":{"ForceResponse":"RequestResponse","ForceResponseType":"RequestResponse","Type":"None"}},"Language":[],"NextChoiceId":3,"NextAnswerId":1,"QuestionText_Unsafe":"<span style=\"font-size:16px;\">What was the gender of the other person?<\/span>","DataExportTag":"Q65","QuestionID":"QID65"}},{"SurveyID":"SV_2n0EVkfCCxNeRFj","Element":"SQ","PrimaryAttribute":"QID75","SecondaryAttribute":"What was the gender of the other person?","TertiaryAttribute":null,"Payload":{"QuestionText":"<span style=\"font-size:16px;\">What was the gender of the other person?<\/span>","DataExportTag":"Gender","QuestionType":"MC","Selector":"SAVR","SubSelector":"TX","Configuration":{"QuestionDescriptionOption":"UseText"},"QuestionDescription":"What was the gender of the other person?","Choices":{"1":{"Display":"Female"},"2":{"Display":"Male"}},"ChoiceOrder":[1,2],"Validation":{"Settings":{"ForceResponse":"RequestResponse","ForceResponseType":"RequestResponse","Type":"None"}},"Language":[],"NextChoiceId":3,"NextAnswerId":1,"QuestionText_Unsafe":"<span style=\"font-size:16px;\">What was the gender of the other person?<\/span>","QuestionID":"QID75"}},{"SurveyID":"SV_2n0EVkfCCxNeRFj","Element":"SQ","PrimaryAttribute":"QID64","SecondaryAttribute":"What were you doing when it happened? (1-2 sentences)","TertiaryAttribute":null,"Payload":{"QuestionText":"<span style=\"font-size:16px;\">What were you doing when it happened? (1-2 sentences)<\/span>","DefaultChoices":false,"QuestionType":"TE","Selector":"ML","Configuration":{"QuestionDescriptionOption":"UseText"},"QuestionDescription":"What were you doing when it happened? (1-2 sentences)","Validation":{"Settings":{"ForceResponse":"RequestResponse","ForceResponseType":"RequestResponse","Type":"None"}},"GradingData":[],"Language":[],"NextChoiceId":4,"NextAnswerId":1,"SearchSource":{"AllowFreeResponse":"false"},"QuestionText_Unsafe":"<span style=\"font-size:16px;\">What were you doing when it happened? (1-2 sentences)<\/span>","DataExportTag":"Q64","QuestionID":"QID64"}},{"SurveyID":"SV_2n0EVkfCCxNeRFj","Element":"SQ","PrimaryAttribute":"QID74","SecondaryAttribute":"What were you doing when it happened? (1-2 sentences)","TertiaryAttribute":null,"Payload":{"QuestionText":"<span style=\"font-size:16px;\">What were you doing when it happened? (1-2 sentences)<\/span>","DefaultChoices":false,"DataExportTag":"What","QuestionType":"TE","Selector":"ML","Configuration":{"QuestionDescriptionOption":"UseText"},"QuestionDescription":"What were you doing when it happened? (1-2 sentences)","Validation":{"Settings":{"ForceResponse":"RequestResponse","ForceResponseType":"RequestResponse","Type":"None"}},"GradingData":[],"Language":[],"NextChoiceId":4,"NextAnswerId":1,"SearchSource":{"AllowFreeResponse":"false"},"QuestionText_Unsafe":"<span style=\"font-size:16px;\">What were you doing when it happened? (1-2 sentences)<\/span>","QuestionID":"QID74"}},{"SurveyID":"SV_2n0EVkfCCxNeRFj","Element":"SQ","PrimaryAttribute":"QID60","SecondaryAttribute":"When did this situation first begin?","TertiaryAttribute":null,"Payload":{"QuestionText":"<p><span style=\"font-size:16px;\"><span lang=\"EN-US\">When did this situation first begin?<\/span><\/span><span lang=\"EN-US\" style=\"font-family:&quot;TimesNewRomanPS&quot;,serif;\nmso-fareast-font-family:&quot;Times New Roman&quot;;mso-bidi-font-weight:bold\"><o:p><\/o:p><\/span><\/p>","QuestionType":"MC","Selector":"SAVR","SubSelector":"TX","Configuration":{"QuestionDescriptionOption":"UseText"},"QuestionDescription":"When did this situation first begin?","Choices":{"1":{"Display":"This week"},"2":{"Display":"Within the last month"},"3":{"Display":"Within the last 6 months"},"4":{"Display":"Within the last year"},"5":{"Display":"Over a year ago"}},"ChoiceOrder":[1,2,3,4,5],"Validation":{"Settings":{"ForceResponse":"RequestResponse","ForceResponseType":"RequestResponse","Type":"None"}},"Language":[],"NextChoiceId":6,"NextAnswerId":1,"QuestionText_Unsafe":"<p><span style=\"font-size:16px;\"><span lang=\"EN-US\">When did this situation first begin?<\/span><\/span><span lang=\"EN-US\" style=\"font-family:&quot;TimesNewRomanPS&quot;,serif;\nmso-fareast-font-family:&quot;Times New Roman&quot;;mso-bidi-font-weight:bold\"><o:p><\/o:p><\/span><\/p>","DataExportTag":"Q60","QuestionID":"QID60"}},{"SurveyID":"SV_2n0EVkfCCxNeRFj","Element":"SQ","PrimaryAttribute":"QID70","SecondaryAttribute":"When did this situation first begin?","TertiaryAttribute":null,"Payload":{"QuestionText":"<p><span style=\"font-size:16px;\"><span lang=\"EN-US\">When did this situation first begin?<\/span><\/span><span lang=\"EN-US\" style=\"font-family:&quot;TimesNewRomanPS&quot;,serif;\nmso-fareast-font-family:&quot;Times New Roman&quot;;mso-bidi-font-weight:bold\"><o:p><\/o:p><\/span><\/p>","DataExportTag":"When","QuestionType":"MC","Selector":"SAVR","SubSelector":"TX","Configuration":{"QuestionDescriptionOption":"UseText"},"QuestionDescription":"When did this situation first begin?","Choices":{"1":{"Display":"This week"},"2":{"Display":"Within the last month"},"3":{"Display":"Within the last 6 months"},"4":{"Display":"Within the last year"},"5":{"Display":"Over a year ago"}},"ChoiceOrder":[1,2,3,4,5],"Validation":{"Settings":{"ForceResponse":"RequestResponse","ForceResponseType":"RequestResponse","Type":"None"}},"Language":[],"NextChoiceId":6,"NextAnswerId":1,"QuestionText_Unsafe":"<p><span style=\"font-size:16px;\"><span lang=\"EN-US\">When did this situation first begin?<\/span><\/span><span lang=\"EN-US\" style=\"font-family:&quot;TimesNewRomanPS&quot;,serif;\nmso-fareast-font-family:&quot;Times New Roman&quot;;mso-bidi-font-weight:bold\"><o:p><\/o:p><\/span><\/p>","QuestionID":"QID70"}},{"SurveyID":"SV_2n0EVkfCCxNeRFj","Element":"SQ","PrimaryAttribute":"QID63","SecondaryAttribute":"Where were you when the situation happened?","TertiaryAttribute":null,"Payload":{"QuestionText":"<span style=\"font-size:16px;\">Where were you when the situation happened?<\/span>","DefaultChoices":false,"QuestionType":"TE","Selector":"ML","Configuration":{"QuestionDescriptionOption":"UseText","InputWidth":638,"InputHeight":29},"QuestionDescription":"Where were you when the situation happened?","Validation":{"Settings":{"ForceResponse":"RequestResponse","ForceResponseType":"RequestResponse","Type":"None"}},"GradingData":[],"Language":[],"NextChoiceId":4,"NextAnswerId":1,"SearchSource":{"AllowFreeResponse":"false"},"QuestionText_Unsafe":"<span style=\"font-size:16px;\">Where were you when the situation happened?<\/span>","DataExportTag":"Q63","QuestionID":"QID63"}},{"SurveyID":"SV_2n0EVkfCCxNeRFj","Element":"SQ","PrimaryAttribute":"QID73","SecondaryAttribute":"Where were you when the situation happened?","TertiaryAttribute":null,"Payload":{"QuestionText":"<span style=\"font-size:16px;\">Where were you when the situation happened?<\/span>","DefaultChoices":false,"DataExportTag":"Where","QuestionType":"TE","Selector":"ML","Configuration":{"QuestionDescriptionOption":"UseText","InputWidth":638,"InputHeight":29},"QuestionDescription":"Where were you when the situation happened?","Validation":{"Settings":{"ForceResponse":"RequestResponse","ForceResponseType":"RequestResponse","Type":"None"}},"GradingData":[],"Language":[],"NextChoiceId":4,"NextAnswerId":1,"SearchSource":{"AllowFreeResponse":"false"},"QuestionText_Unsafe":"<span style=\"font-size:16px;\">Where were you when the situation happened?<\/span>","QuestionID":"QID73"}},{"SurveyID":"SV_2n0EVkfCCxNeRFj","Element":"SQ","PrimaryAttribute":"QID2","SecondaryAttribute":"Which gender do you identify with?","TertiaryAttribute":null,"Payload":{"QuestionText":"Which gender do you identify with?","DefaultChoices":false,"QuestionType":"MC","Selector":"SAVR","SubSelector":"TX","Configuration":{"QuestionDescriptionOption":"UseText"},"QuestionDescription":"Which gender do you identify with?","Choices":{"1":{"Display":"Woman\/Transwoman"},"2":{"Display":"Man\/Transman"},"3":{"Display":"Gender queer\/ Gender non-conforming"},"4":{"Display":"Prefer not to say"},"5":{"Display":"Different Identity (please specify)","TextEntry":"true"}},"ChoiceOrder":[1,2,3,4,5],"Validation":{"Settings":{"ForceResponse":"OFF","ForceResponseType":"ON","Type":"None"}},"GradingData":[],"Language":[],"NextChoiceId":6,"NextAnswerId":1,"QuestionText_Unsafe":"Which gender do you identify with?","DataExportTag":"Genderident","QuestionID":"QID2","DataVisibility":{"Private":false,"Hidden":false}}},{"SurveyID":"SV_2n0EVkfCCxNeRFj","Element":"SQ","PrimaryAttribute":"QID68","SecondaryAttribute":"While this situation was unfolding, I did the following...","TertiaryAttribute":null,"Payload":{"QuestionText":"<p><span style=\"font-size:16px;\">While this situation was unfolding, I did the following...<\/span><\/p>","DefaultChoices":false,"QuestionType":"Matrix","Selector":"Likert","SubSelector":"SingleAnswer","Configuration":{"QuestionDescriptionOption":"UseText","TextPosition":"inline","ChoiceColumnWidth":25,"RepeatHeaders":"middle","WhiteSpace":"OFF","MobileFirst":true},"QuestionDescription":"While this situation was unfolding, I did the following...","Choices":{"1":{"Display":"Considered the perspective of the other person(s) involved in the situation"},"2":{"Display":"Took time to consider what opinions the other person might have before coming to a conclusion"},"3":{"Display":"Thought the situation could unfold in many different ways"},"4":{"Display":"Looked for different solutions as the situation evolved"},"5":{"Display":"Double-checked whether my opinion on the situation might be incorrect"},"6":{"Display":"Looked for alternative explanations before forming my opinion"},"7":{"Display":"Considered first whether a compromise was possible in resolving the situation"},"8":{"Display":"Tried my best to find a way to accommodate viewpoint of all people involved"},"9":{"Display":"Tried to see the problem from the view of an uninvolved person"},"10":{"Display":"Thought about whether an outside person might have a different opinion from mine about the situation"}},"ChoiceOrder":[1,2,3,4,5,6,7,8,9,10],"Validation":{"Settings":{"ForceResponse":"RequestResponse","ForceResponseType":"RequestResponse","Type":"None"}},"GradingData":[],"Language":[],"NextChoiceId":11,"NextAnswerId":6,"Answers":{"1":{"Display":"1 - Not at all"},"2":{"Display":"2 - Slightly"},"3":{"Display":"3 - Somewhat"},"4":{"Display":"4 - Moderately"},"5":{"Display":"5 - Very Much"}},"AnswerOrder":[1,2,3,4,5],"ChoiceDataExportTags":{"1":"SWIS_1","2":"SWIS_2","3":"SWIS_3","4":"SWIS_4","5":"SWIS_5","6":"SWIS_6","7":"SWIS_7","8":"Did_8","9":"SWIS_9","10":"SWIS_10"},"Randomization":{"Advanced":null,"Type":"All","TotalRandSubset":""},"DataVisibility":{"Private":false,"Hidden":false},"QuestionText_Unsafe":"<p><span style=\"font-size:16px;\">While this situation was unfolding, I did the following...<\/span><\/p>","DataExportTag":"Q68","QuestionID":"QID68"}},{"SurveyID":"SV_2n0EVkfCCxNeRFj","Element":"SQ","PrimaryAttribute":"QID78","SecondaryAttribute":"While this situation was unfolding, I did the following...","TertiaryAttribute":null,"Payload":{"QuestionText":"<p><span style=\"font-size:16px;\">While this situation was unfolding, I did the following...<\/span><\/p>","DefaultChoices":false,"DataExportTag":"Did","QuestionType":"Matrix","Selector":"Likert","SubSelector":"SingleAnswer","Configuration":{"QuestionDescriptionOption":"UseText","TextPosition":"inline","ChoiceColumnWidth":25,"RepeatHeaders":"middle","WhiteSpace":"OFF","MobileFirst":true},"QuestionDescription":"While this situation was unfolding, I did the following...","Choices":{"1":{"Display":"Considered the perspective of the other person(s) involved in the situation"},"2":{"Display":"Took time to consider what opinions the other person might have before coming to a conclusion"},"3":{"Display":"Thought the situation could unfold in many different ways"},"4":{"Display":"Looked for different solutions as the situation evolved"},"5":{"Display":"Double-checked whether my opinion on the situation might be incorrect"},"6":{"Display":"Looked for alternative explanations before forming my opinion"},"7":{"Display":"Considered first whether a compromise was possible in resolving the situation"},"8":{"Display":"Tried my best to find a way to accommodate viewpoint of all people involved"},"9":{"Display":"Tried to see the problem from the view of an uninvolved person"},"10":{"Display":"Thought about whether an outside person might have a different opinion from mine about the situation"}},"ChoiceOrder":[1,2,3,4,5,6,7,8,9,10],"Validation":{"Settings":{"ForceResponse":"RequestResponse","ForceResponseType":"RequestResponse","Type":"None"}},"GradingData":[],"Language":[],"NextChoiceId":11,"NextAnswerId":6,"Answers":{"1":{"Display":"1 - Not at all"},"2":{"Display":"2 - Slightly"},"3":{"Display":"3 - Somewhat"},"4":{"Display":"4 - Moderately"},"5":{"Display":"5 - Very Much"}},"AnswerOrder":[1,2,3,4,5],"ChoiceDataExportTags":{"1":"SWIS_1","2":"SWIS_2","3":"SWIS_3","4":"SWIS_4","5":"SWIS_5","6":"SWIS_6","7":"SWIS_7","8":"Did_8","9":"SWIS_9","10":"SWIS_10"},"Randomization":{"Advanced":null,"Type":"All","TotalRandSubset":""},"DataVisibility":{"Private":false,"Hidden":false},"QuestionText_Unsafe":"<p><span style=\"font-size:16px;\">While this situation was unfolding, I did the following...<\/span><\/p>","QuestionID":"QID78"}}]}